PODS:
  - AsyncDisplayKit (1.9.1):
    - AsyncDisplayKit/ASDealloc2MainObject (= 1.9.1)
  - AsyncDisplayKit/ASDealloc2MainObject (1.9.1)
  - LayerKit (0.17.2)
  - Toucan (0.4.3)

DEPENDENCIES:
  - AsyncDisplayKit
  - LayerKit
  - Toucan

SPEC CHECKSUMS:
  AsyncDisplayKit: 7bf2b3fa444284f80fd0c1e36655e324549f79d2
  LayerKit: 60f1f23923e2718992eba22c6e9a8ef92b6344bc
  Toucan: 3e2319c8fb9c7a2fb9c30f6d4ecdc6b8a2f1c92b

COCOAPODS: 0.39.0
