// !$*UTF8*$!
{
	archiveVersion = 1;
	classes = {
	};
	objectVersion = 46;
	objects = {

/* Begin PBXBuildFile section */
		9A88BCBD4FA198A784FA82BC /* Pods.framework in Frameworks */ = {isa = PBXBuildFile; fileRef = 847224121E26B8D1AD7D9AD1 /* Pods.framework */; settings = {ATTRIBUTES = (Weak, ); }; };
		EF01B7FE1BB84B3500EAFB86 /* ChatCellNode.swift in Sources */ = {isa = PBXBuildFile; fileRef = EF01B7FD1BB84B3500EAFB86 /* ChatCellNode.swift */; };
		EF14D32F1BBD6BE500AE5D62 /* TypingMessageCell.swift in Sources */ = {isa = PBXBuildFile; fileRef = EF14D32E1BBD6BE500AE5D62 /* TypingMessageCell.swift */; };
		EF795E6B1BBFF98800EB6033 /* LoadingCellNode.swift in Sources */ = {isa = PBXBuildFile; fileRef = EF795E6A1BBFF98800EB6033 /* LoadingCellNode.swift */; };
		EFAFCEC51BB6EE3900E91371 /* AppDelegate.swift in Sources */ = {isa = PBXBuildFile; fileRef = EFAFCEC41BB6EE3900E91371 /* AppDelegate.swift */; };
		EFAFCEC71BB6EE3900E91371 /* ViewController.swift in Sources */ = {isa = PBXBuildFile; fileRef = EFAFCEC61BB6EE3900E91371 /* ViewController.swift */; };
		EFAFCECA1BB6EE3900E91371 /* Main.storyboard in Resources */ = {isa = PBXBuildFile; fileRef = EFAFCEC81BB6EE3900E91371 /* Main.storyboard */; };
		EFAFCECC1BB6EE3900E91371 /* Assets.xcassets in Resources */ = {isa = PBXBuildFile; fileRef = EFAFCECB1BB6EE3900E91371 /* Assets.xcassets */; };
		EFAFCECF1BB6EE3900E91371 /* LaunchScreen.storyboard in Resources */ = {isa = PBXBuildFile; fileRef = EFAFCECD1BB6EE3900E91371 /* LaunchScreen.storyboard */; };
		EFAFCEDA1BB6EE3900E91371 /* ChatTests.swift in Sources */ = {isa = PBXBuildFile; fileRef = EFAFCED91BB6EE3900E91371 /* ChatTests.swift */; };
		EFAFCEE51BB6EE3900E91371 /* ChatUITests.swift in Sources */ = {isa = PBXBuildFile; fileRef = EFAFCEE41BB6EE3900E91371 /* ChatUITests.swift */; };
		EFAFCEF31BB6EEE300E91371 /* ChatToolbar.swift in Sources */ = {isa = PBXBuildFile; fileRef = EFAFCEF21BB6EEE300E91371 /* ChatToolbar.swift */; };
		EFBB35DB1BDCFD2200BD413D /* ImageMessageCell.swift in Sources */ = {isa = PBXBuildFile; fileRef = EFBB35DA1BDCFD2200BD413D /* ImageMessageCell.swift */; };
		EFBB35DF1BDD222500BD413D /* UIView+PSPDFKitAdditions.m in Sources */ = {isa = PBXBuildFile; fileRef = EFBB35DE1BDD222500BD413D /* UIView+PSPDFKitAdditions.m */; };
		EFF273721BD422D30034D3CD /* KeyboardFrameDetectorInputView.swift in Sources */ = {isa = PBXBuildFile; fileRef = EFF273711BD422D30034D3CD /* KeyboardFrameDetectorInputView.swift */; };
		EFF676071BDACB3A0041AEAA /* MessageProtocol.swift in Sources */ = {isa = PBXBuildFile; fileRef = EFF676061BDACB3A0041AEAA /* MessageProtocol.swift */; };
		EFF676091BDACCBC0041AEAA /* ChatViewController.swift in Sources */ = {isa = PBXBuildFile; fileRef = EFF676081BDACCBC0041AEAA /* ChatViewController.swift */; };
		EFF6760B1BDB80680041AEAA /* MessageCell.swift in Sources */ = {isa = PBXBuildFile; fileRef = EFF6760A1BDB80680041AEAA /* MessageCell.swift */; };
/* End PBXBuildFile section */

/* Begin PBXContainerItemProxy section */
		EFAFCED61BB6EE3900E91371 /* PBXContainerItemProxy */ = {
			isa = PBXContainerItemProxy;
			containerPortal = EFAFCEB91BB6EE3900E91371 /* Project object */;
			proxyType = 1;
			remoteGlobalIDString = EFAFCEC01BB6EE3900E91371;
			remoteInfo = Chat;
		};
		EFAFCEE11BB6EE3900E91371 /* PBXContainerItemProxy */ = {
			isa = PBXContainerItemProxy;
			containerPortal = EFAFCEB91BB6EE3900E91371 /* Project object */;
			proxyType = 1;
			remoteGlobalIDString = EFAFCEC01BB6EE3900E91371;
			remoteInfo = Chat;
		};
/* End PBXContainerItemProxy section */

/* Begin PBXFileReference section */
		13C50703FEB1BA928DD72114 /* Pods.debug.xcconfig */ = {isa = PBXFileReference; includeInIndex = 1; lastKnownFileType = text.xcconfig; name = Pods.debug.xcconfig; path = "Pods/Target Support Files/Pods/Pods.debug.xcconfig"; sourceTree = "<group>"; };
		847224121E26B8D1AD7D9AD1 /* Pods.framework */ = {isa = PBXFileReference; explicitFileType = wrapper.framework; includeInIndex = 0; path = Pods.framework; sourceTree = BUILT_PRODUCTS_DIR; };
		CF78232C614F8989CE0751E9 /* Pods.release.xcconfig */ = {isa = PBXFileReference; includeInIndex = 1; lastKnownFileType = text.xcconfig; name = Pods.release.xcconfig; path = "Pods/Target Support Files/Pods/Pods.release.xcconfig"; sourceTree = "<group>"; };
		EF01B7FD1BB84B3500EAFB86 /* ChatCellNode.swift */ = {isa = PBXFileReference; fileEncoding = 4; lastKnownFileType = sourcecode.swift; name = ChatCellNode.swift; path = Classes/ChatCellNode.swift; sourceTree = "<group>"; };
		EF14D32E1BBD6BE500AE5D62 /* TypingMessageCell.swift */ = {isa = PBXFileReference; fileEncoding = 4; lastKnownFileType = sourcecode.swift; name = TypingMessageCell.swift; path = Classes/TypingMessageCell.swift; sourceTree = "<group>"; };
		EF3F21721BB6F69600B73468 /* Chat-Bridging-Header.h */ = {isa = PBXFileReference; lastKnownFileType = sourcecode.c.h; path = "Chat-Bridging-Header.h"; sourceTree = "<group>"; };
		EF795E6A1BBFF98800EB6033 /* LoadingCellNode.swift */ = {isa = PBXFileReference; fileEncoding = 4; lastKnownFileType = sourcecode.swift; name = LoadingCellNode.swift; path = Classes/LoadingCellNode.swift; sourceTree = "<group>"; };
		EFAFCEC11BB6EE3900E91371 /* Chat.app */ = {isa = PBXFileReference; explicitFileType = wrapper.application; includeInIndex = 0; path = Chat.app; sourceTree = BUILT_PRODUCTS_DIR; };
		EFAFCEC41BB6EE3900E91371 /* AppDelegate.swift */ = {isa = PBXFileReference; lastKnownFileType = sourcecode.swift; path = AppDelegate.swift; sourceTree = "<group>"; };
		EFAFCEC61BB6EE3900E91371 /* ViewController.swift */ = {isa = PBXFileReference; lastKnownFileType = sourcecode.swift; path = ViewController.swift; sourceTree = "<group>"; };
		EFAFCEC91BB6EE3900E91371 /* Base */ = {isa = PBXFileReference; lastKnownFileType = file.storyboard; name = Base; path = Base.lproj/Main.storyboard; sourceTree = "<group>"; };
		EFAFCECB1BB6EE3900E91371 /* Assets.xcassets */ = {isa = PBXFileReference; lastKnownFileType = folder.assetcatalog; path = Assets.xcassets; sourceTree = "<group>"; };
		EFAFCECE1BB6EE3900E91371 /* Base */ = {isa = PBXFileReference; lastKnownFileType = file.storyboard; name = Base; path = Base.lproj/LaunchScreen.storyboard; sourceTree = "<group>"; };
		EFAFCED01BB6EE3900E91371 /* Info.plist */ = {isa = PBXFileReference; lastKnownFileType = text.plist.xml; path = Info.plist; sourceTree = "<group>"; };
		EFAFCED51BB6EE3900E91371 /* ChatTests.xctest */ = {isa = PBXFileReference; explicitFileType = wrapper.cfbundle; includeInIndex = 0; path = ChatTests.xctest; sourceTree = BUILT_PRODUCTS_DIR; };
		EFAFCED91BB6EE3900E91371 /* ChatTests.swift */ = {isa = PBXFileReference; lastKnownFileType = sourcecode.swift; path = ChatTests.swift; sourceTree = "<group>"; };
		EFAFCEDB1BB6EE3900E91371 /* Info.plist */ = {isa = PBXFileReference; lastKnownFileType = text.plist.xml; path = Info.plist; sourceTree = "<group>"; };
		EFAFCEE01BB6EE3900E91371 /* ChatUITests.xctest */ = {isa = PBXFileReference; explicitFileType = wrapper.cfbundle; includeInIndex = 0; path = ChatUITests.xctest; sourceTree = BUILT_PRODUCTS_DIR; };
		EFAFCEE41BB6EE3900E91371 /* ChatUITests.swift */ = {isa = PBXFileReference; lastKnownFileType = sourcecode.swift; path = ChatUITests.swift; sourceTree = "<group>"; };
		EFAFCEE61BB6EE3900E91371 /* Info.plist */ = {isa = PBXFileReference; lastKnownFileType = text.plist.xml; path = Info.plist; sourceTree = "<group>"; };
		EFAFCEF21BB6EEE300E91371 /* ChatToolbar.swift */ = {isa = PBXFileReference; fileEncoding = 4; lastKnownFileType = sourcecode.swift; name = ChatToolbar.swift; path = Classes/ChatToolbar.swift; sourceTree = "<group>"; };
		EFBB35DA1BDCFD2200BD413D /* ImageMessageCell.swift */ = {isa = PBXFileReference; fileEncoding = 4; lastKnownFileType = sourcecode.swift; name = ImageMessageCell.swift; path = Classes/ImageMessageCell.swift; sourceTree = "<group>"; };
		EFBB35DD1BDD222500BD413D /* UIView+PSPDFKitAdditions.h */ = {isa = PBXFileReference; fileEncoding = 4; lastKnownFileType = sourcecode.c.h; name = "UIView+PSPDFKitAdditions.h"; path = "Vendor/UIView+PSPDFKitAdditions.h"; sourceTree = SOURCE_ROOT; };
		EFBB35DE1BDD222500BD413D /* UIView+PSPDFKitAdditions.m */ = {isa = PBXFileReference; fileEncoding = 4; lastKnownFileType = sourcecode.c.objc; name = "UIView+PSPDFKitAdditions.m"; path = "Vendor/UIView+PSPDFKitAdditions.m"; sourceTree = SOURCE_ROOT; };
		EFF273711BD422D30034D3CD /* KeyboardFrameDetectorInputView.swift */ = {isa = PBXFileReference; fileEncoding = 4; lastKnownFileType = sourcecode.swift; name = KeyboardFrameDetectorInputView.swift; path = Classes/KeyboardFrameDetectorInputView.swift; sourceTree = "<group>"; };
		EFF676061BDACB3A0041AEAA /* MessageProtocol.swift */ = {isa = PBXFileReference; fileEncoding = 4; lastKnownFileType = sourcecode.swift; name = MessageProtocol.swift; path = Classes/MessageProtocol.swift; sourceTree = "<group>"; };
		EFF676081BDACCBC0041AEAA /* ChatViewController.swift */ = {isa = PBXFileReference; fileEncoding = 4; lastKnownFileType = sourcecode.swift; name = ChatViewController.swift; path = Classes/ChatViewController.swift; sourceTree = "<group>"; };
		EFF6760A1BDB80680041AEAA /* MessageCell.swift */ = {isa = PBXFileReference; fileEncoding = 4; lastKnownFileType = sourcecode.swift; name = MessageCell.swift; path = Classes/MessageCell.swift; sourceTree = "<group>"; };
/* End PBXFileReference section */

/* Begin PBXFrameworksBuildPhase section */
		EFAFCEBE1BB6EE3900E91371 /* Frameworks */ = {
			isa = PBXFrameworksBuildPhase;
			buildActionMask = 2147483647;
			files = (
				9A88BCBD4FA198A784FA82BC /* Pods.framework in Frameworks */,
			);
			runOnlyForDeploymentPostprocessing = 0;
		};
		EFAFCED21BB6EE3900E91371 /* Frameworks */ = {
			isa = PBXFrameworksBuildPhase;
			buildActionMask = 2147483647;
			files = (
			);
			runOnlyForDeploymentPostprocessing = 0;
		};
		EFAFCEDD1BB6EE3900E91371 /* Frameworks */ = {
			isa = PBXFrameworksBuildPhase;
			buildActionMask = 2147483647;
			files = (
			);
			runOnlyForDeploymentPostprocessing = 0;
		};
/* End PBXFrameworksBuildPhase section */

/* Begin PBXGroup section */
		3B28C312E3A3F90A38BEBFE0 /* Pods */ = {
			isa = PBXGroup;
			children = (
				13C50703FEB1BA928DD72114 /* Pods.debug.xcconfig */,
				CF78232C614F8989CE0751E9 /* Pods.release.xcconfig */,
			);
			name = Pods;
			sourceTree = "<group>";
		};
		EF1B72881BD5249E00657358 /* Toolbar */ = {
			isa = PBXGroup;
			children = (
				EFAFCEF21BB6EEE300E91371 /* ChatToolbar.swift */,
				EFF273711BD422D30034D3CD /* KeyboardFrameDetectorInputView.swift */,
				EFF676081BDACCBC0041AEAA /* ChatViewController.swift */,
			);
			name = Toolbar;
			sourceTree = "<group>";
		};
		EF1B72891BD524B200657358 /* Cells */ = {
			isa = PBXGroup;
			children = (
				EF01B7FD1BB84B3500EAFB86 /* ChatCellNode.swift */,
				EF14D32E1BBD6BE500AE5D62 /* TypingMessageCell.swift */,
				EF795E6A1BBFF98800EB6033 /* LoadingCellNode.swift */,
				EFF6760A1BDB80680041AEAA /* MessageCell.swift */,
				EFBB35DA1BDCFD2200BD413D /* ImageMessageCell.swift */,
			);
			name = Cells;
			sourceTree = "<group>";
		};
		EFAFCEB81BB6EE3900E91371 = {
			isa = PBXGroup;
			children = (
				EFAFCEC31BB6EE3900E91371 /* Chat */,
				EFAFCED81BB6EE3900E91371 /* ChatTests */,
				EFAFCEE31BB6EE3900E91371 /* ChatUITests */,
				EFAFCEC21BB6EE3900E91371 /* Products */,
				3B28C312E3A3F90A38BEBFE0 /* Pods */,
				F6C8235FB062EE12A875F0DB /* Frameworks */,
			);
			sourceTree = "<group>";
		};
		EFAFCEC21BB6EE3900E91371 /* Products */ = {
			isa = PBXGroup;
			children = (
				EFAFCEC11BB6EE3900E91371 /* Chat.app */,
				EFAFCED51BB6EE3900E91371 /* ChatTests.xctest */,
				EFAFCEE01BB6EE3900E91371 /* ChatUITests.xctest */,
			);
			name = Products;
			sourceTree = "<group>";
		};
		EFAFCEC31BB6EE3900E91371 /* Chat */ = {
			isa = PBXGroup;
			children = (
				EFBB35DC1BDD220E00BD413D /* Vendor */,
				EF1B72891BD524B200657358 /* Cells */,
				EF1B72881BD5249E00657358 /* Toolbar */,
				EFAFCEC41BB6EE3900E91371 /* AppDelegate.swift */,
				EFAFCEC61BB6EE3900E91371 /* ViewController.swift */,
				EFAFCEC81BB6EE3900E91371 /* Main.storyboard */,
				EFAFCECB1BB6EE3900E91371 /* Assets.xcassets */,
				EFAFCECD1BB6EE3900E91371 /* LaunchScreen.storyboard */,
				EFAFCED01BB6EE3900E91371 /* Info.plist */,
				EF3F21721BB6F69600B73468 /* Chat-Bridging-Header.h */,
				EFF676061BDACB3A0041AEAA /* MessageProtocol.swift */,
			);
			path = Chat;
			sourceTree = "<group>";
		};
		EFAFCED81BB6EE3900E91371 /* ChatTests */ = {
			isa = PBXGroup;
			children = (
				EFAFCED91BB6EE3900E91371 /* ChatTests.swift */,
				EFAFCEDB1BB6EE3900E91371 /* Info.plist */,
			);
			path = ChatTests;
			sourceTree = "<group>";
		};
		EFAFCEE31BB6EE3900E91371 /* ChatUITests */ = {
			isa = PBXGroup;
			children = (
				EFAFCEE41BB6EE3900E91371 /* ChatUITests.swift */,
				EFAFCEE61BB6EE3900E91371 /* Info.plist */,
			);
			path = ChatUITests;
			sourceTree = "<group>";
		};
		EFBB35DC1BDD220E00BD413D /* Vendor */ = {
			isa = PBXGroup;
			children = (
				EFBB35DD1BDD222500BD413D /* UIView+PSPDFKitAdditions.h */,
				EFBB35DE1BDD222500BD413D /* UIView+PSPDFKitAdditions.m */,
			);
			name = Vendor;
			sourceTree = "<group>";
		};
		F6C8235FB062EE12A875F0DB /* Frameworks */ = {
			isa = PBXGroup;
			children = (
				847224121E26B8D1AD7D9AD1 /* Pods.framework */,
			);
			name = Frameworks;
			sourceTree = "<group>";
		};
/* End PBXGroup section */

/* Begin PBXNativeTarget section */
		EFAFCEC01BB6EE3900E91371 /* Chat */ = {
			isa = PBXNativeTarget;
			buildConfigurationList = EFAFCEE91BB6EE3900E91371 /* Build configuration list for PBXNativeTarget "Chat" */;
			buildPhases = (
				F82D68D1C5630926603044A6 /* Check Pods Manifest.lock */,
				EFAFCEBD1BB6EE3900E91371 /* Sources */,
				EFAFCEBE1BB6EE3900E91371 /* Frameworks */,
				EFAFCEBF1BB6EE3900E91371 /* Resources */,
				A4EF55D4DA61038404F65435 /* Copy Pods Resources */,
				05EFD2053B7AED9516C614C0 /* Embed Pods Frameworks */,
			);
			buildRules = (
			);
			dependencies = (
			);
			name = Chat;
			productName = Chat;
			productReference = EFAFCEC11BB6EE3900E91371 /* Chat.app */;
			productType = "com.apple.product-type.application";
		};
		EFAFCED41BB6EE3900E91371 /* ChatTests */ = {
			isa = PBXNativeTarget;
			buildConfigurationList = EFAFCEEC1BB6EE3900E91371 /* Build configuration list for PBXNativeTarget "ChatTests" */;
			buildPhases = (
				EFAFCED11BB6EE3900E91371 /* Sources */,
				EFAFCED21BB6EE3900E91371 /* Frameworks */,
				EFAFCED31BB6EE3900E91371 /* Resources */,
			);
			buildRules = (
			);
			dependencies = (
				EFAFCED71BB6EE3900E91371 /* PBXTargetDependency */,
			);
			name = ChatTests;
			productName = ChatTests;
			productReference = EFAFCED51BB6EE3900E91371 /* ChatTests.xctest */;
			productType = "com.apple.product-type.bundle.unit-test";
		};
		EFAFCEDF1BB6EE3900E91371 /* ChatUITests */ = {
			isa = PBXNativeTarget;
			buildConfigurationList = EFAFCEEF1BB6EE3900E91371 /* Build configuration list for PBXNativeTarget "ChatUITests" */;
			buildPhases = (
				EFAFCEDC1BB6EE3900E91371 /* Sources */,
				EFAFCEDD1BB6EE3900E91371 /* Frameworks */,
				EFAFCEDE1BB6EE3900E91371 /* Resources */,
			);
			buildRules = (
			);
			dependencies = (
				EFAFCEE21BB6EE3900E91371 /* PBXTargetDependency */,
			);
			name = ChatUITests;
			productName = ChatUITests;
			productReference = EFAFCEE01BB6EE3900E91371 /* ChatUITests.xctest */;
			productType = "com.apple.product-type.bundle.ui-testing";
		};
/* End PBXNativeTarget section */

/* Begin PBXProject section */
		EFAFCEB91BB6EE3900E91371 /* Project object */ = {
			isa = PBXProject;
			attributes = {
				LastSwiftUpdateCheck = 0700;
				LastUpgradeCheck = 0700;
				ORGANIZATIONNAME = "Petr Pavlik";
				TargetAttributes = {
					EFAFCEC01BB6EE3900E91371 = {
						CreatedOnToolsVersion = 7.0;
					};
					EFAFCED41BB6EE3900E91371 = {
						CreatedOnToolsVersion = 7.0;
						TestTargetID = EFAFCEC01BB6EE3900E91371;
					};
					EFAFCEDF1BB6EE3900E91371 = {
						CreatedOnToolsVersion = 7.0;
						TestTargetID = EFAFCEC01BB6EE3900E91371;
					};
				};
			};
			buildConfigurationList = EFAFCEBC1BB6EE3900E91371 /* Build configuration list for PBXProject "Chat" */;
			compatibilityVersion = "Xcode 3.2";
			developmentRegion = English;
			hasScannedForEncodings = 0;
			knownRegions = (
				en,
				Base,
			);
			mainGroup = EFAFCEB81BB6EE3900E91371;
			productRefGroup = EFAFCEC21BB6EE3900E91371 /* Products */;
			projectDirPath = "";
			projectRoot = "";
			targets = (
				EFAFCEC01BB6EE3900E91371 /* Chat */,
				EFAFCED41BB6EE3900E91371 /* ChatTests */,
				EFAFCEDF1BB6EE3900E91371 /* ChatUITests */,
			);
		};
/* End PBXProject section */

/* Begin PBXResourcesBuildPhase section */
		EFAFCEBF1BB6EE3900E91371 /* Resources */ = {
			isa = PBXResourcesBuildPhase;
			buildActionMask = 2147483647;
			files = (
				EFAFCECF1BB6EE3900E91371 /* LaunchScreen.storyboard in Resources */,
				EFAFCECC1BB6EE3900E91371 /* Assets.xcassets in Resources */,
				EFAFCECA1BB6EE3900E91371 /* Main.storyboard in Resources */,
			);
			runOnlyForDeploymentPostprocessing = 0;
		};
		EFAFCED31BB6EE3900E91371 /* Resources */ = {
			isa = PBXResourcesBuildPhase;
			buildActionMask = 2147483647;
			files = (
			);
			runOnlyForDeploymentPostprocessing = 0;
		};
		EFAFCEDE1BB6EE3900E91371 /* Resources */ = {
			isa = PBXResourcesBuildPhase;
			buildActionMask = 2147483647;
			files = (
			);
			runOnlyForDeploymentPostprocessing = 0;
		};
/* End PBXResourcesBuildPhase section */

/* Begin PBXShellScriptBuildPhase section */
		05EFD2053B7AED9516C614C0 /* Embed Pods Frameworks */ = {
			isa = PBXShellScriptBuildPhase;
			buildActionMask = 2147483647;
			files = (
			);
			inputPaths = (
			);
			name = "Embed Pods Frameworks";
			outputPaths = (
			);
			runOnlyForDeploymentPostprocessing = 0;
			shellPath = /bin/sh;
			shellScript = "\"${SRCROOT}/Pods/Target Support Files/Pods/Pods-frameworks.sh\"\n";
			showEnvVarsInLog = 0;
		};
		A4EF55D4DA61038404F65435 /* Copy Pods Resources */ = {
			isa = PBXShellScriptBuildPhase;
			buildActionMask = 2147483647;
			files = (
			);
			inputPaths = (
			);
			name = "Copy Pods Resources";
			outputPaths = (
			);
			runOnlyForDeploymentPostprocessing = 0;
			shellPath = /bin/sh;
			shellScript = "\"${SRCROOT}/Pods/Target Support Files/Pods/Pods-resources.sh\"\n";
			showEnvVarsInLog = 0;
		};
		F82D68D1C5630926603044A6 /* Check Pods Manifest.lock */ = {
			isa = PBXShellScriptBuildPhase;
			buildActionMask = 2147483647;
			files = (
			);
			inputPaths = (
			);
			name = "Check Pods Manifest.lock";
			outputPaths = (
			);
			runOnlyForDeploymentPostprocessing = 0;
			shellPath = /bin/sh;
			shellScript = "diff \"${PODS_ROOT}/../Podfile.lock\" \"${PODS_ROOT}/Manifest.lock\" > /dev/null\nif [[ $? != 0 ]] ; then\n    cat << EOM\nerror: The sandbox is not in sync with the Podfile.lock. Run 'pod install' or update your CocoaPods installation.\nEOM\n    exit 1\nfi\n";
			showEnvVarsInLog = 0;
		};
/* End PBXShellScriptBuildPhase section */

/* Begin PBXSourcesBuildPhase section */
		EFAFCEBD1BB6EE3900E91371 /* Sources */ = {
			isa = PBXSourcesBuildPhase;
			buildActionMask = 2147483647;
			files = (
				EF14D32F1BBD6BE500AE5D62 /* TypingMessageCell.swift in Sources */,
				EFBB35DF1BDD222500BD413D /* UIView+PSPDFKitAdditions.m in Sources */,
				EFF6760B1BDB80680041AEAA /* MessageCell.swift in Sources */,
				EFAFCEC71BB6EE3900E91371 /* ViewController.swift in Sources */,
				EFF273721BD422D30034D3CD /* KeyboardFrameDetectorInputView.swift in Sources */,
				EF795E6B1BBFF98800EB6033 /* LoadingCellNode.swift in Sources */,
				EFBB35DB1BDCFD2200BD413D /* ImageMessageCell.swift in Sources */,
				EFAFCEC51BB6EE3900E91371 /* AppDelegate.swift in Sources */,
				EFAFCEF31BB6EEE300E91371 /* ChatToolbar.swift in Sources */,
				EF01B7FE1BB84B3500EAFB86 /* ChatCellNode.swift in Sources */,
				EFF676091BDACCBC0041AEAA /* ChatViewController.swift in Sources */,
				EFF676071BDACB3A0041AEAA /* MessageProtocol.swift in Sources */,
			);
			runOnlyForDeploymentPostprocessing = 0;
		};
		EFAFCED11BB6EE3900E91371 /* Sources */ = {
			isa = PBXSourcesBuildPhase;
			buildActionMask = 2147483647;
			files = (
				EFAFCEDA1BB6EE3900E91371 /* ChatTests.swift in Sources */,
			);
			runOnlyForDeploymentPostprocessing = 0;
		};
		EFAFCEDC1BB6EE3900E91371 /* Sources */ = {
			isa = PBXSourcesBuildPhase;
			buildActionMask = 2147483647;
			files = (
				EFAFCEE51BB6EE3900E91371 /* ChatUITests.swift in Sources */,
			);
			runOnlyForDeploymentPostprocessing = 0;
		};
/* End PBXSourcesBuildPhase section */

/* Begin PBXTargetDependency section */
		EFAFCED71BB6EE3900E91371 /* PBXTargetDependency */ = {
			isa = PBXTargetDependency;
			target = EFAFCEC01BB6EE3900E91371 /* Chat */;
			targetProxy = EFAFCED61BB6EE3900E91371 /* PBXContainerItemProxy */;
		};
		EFAFCEE21BB6EE3900E91371 /* PBXTargetDependency */ = {
			isa = PBXTargetDependency;
			target = EFAFCEC01BB6EE3900E91371 /* Chat */;
			targetProxy = EFAFCEE11BB6EE3900E91371 /* PBXContainerItemProxy */;
		};
/* End PBXTargetDependency section */

/* Begin PBXVariantGroup section */
		EFAFCEC81BB6EE3900E91371 /* Main.storyboard */ = {
			isa = PBXVariantGroup;
			children = (
				EFAFCEC91BB6EE3900E91371 /* Base */,
			);
			name = Main.storyboard;
			sourceTree = "<group>";
		};
		EFAFCECD1BB6EE3900E91371 /* LaunchScreen.storyboard */ = {
			isa = PBXVariantGroup;
			children = (
				EFAFCECE1BB6EE3900E91371 /* Base */,
			);
			name = LaunchScreen.storyboard;
			sourceTree = "<group>";
		};
/* End PBXVariantGroup section */

/* Begin XCBuildConfiguration section */
		EFAFCEE71BB6EE3900E91371 /* Debug */ = {
			isa = XCBuildConfiguration;
			buildSettings = {
				ALWAYS_SEARCH_USER_PATHS = NO;
				CLANG_CXX_LANGUAGE_STANDARD = "gnu++0x";
				CLANG_CXX_LIBRARY = "libc++";
				CLANG_ENABLE_MODULES = YES;
				CLANG_ENABLE_OBJC_ARC = YES;
				CLANG_WARN_BOOL_CONVERSION = YES;
				CLANG_WARN_CONSTANT_CONVERSION = YES;
				CLANG_WARN_DIRECT_OBJC_ISA_USAGE = YES_ERROR;
				CLANG_WARN_EMPTY_BODY = YES;
				CLANG_WARN_ENUM_CONVERSION = YES;
				CLANG_WARN_INT_CONVERSION = YES;
				CLANG_WARN_OBJC_ROOT_CLASS = YES_ERROR;
				CLANG_WARN_UNREACHABLE_CODE = YES;
				CLANG_WARN__DUPLICATE_METHOD_MATCH = YES;
				"CODE_SIGN_IDENTITY[sdk=iphoneos*]" = "iPhone Developer";
				COPY_PHASE_STRIP = NO;
				DEBUG_INFORMATION_FORMAT = dwarf;
				ENABLE_STRICT_OBJC_MSGSEND = YES;
				ENABLE_TESTABILITY = YES;
				GCC_C_LANGUAGE_STANDARD = gnu99;
				GCC_DYNAMIC_NO_PIC = NO;
				GCC_NO_COMMON_BLOCKS = YES;
				GCC_OPTIMIZATION_LEVEL = 0;
				GCC_PREPROCESSOR_DEFINITIONS = (
					"DEBUG=1",
					"$(inherited)",
				);
				GCC_WARN_64_TO_32_BIT_CONVERSION = YES;
				GCC_WARN_ABOUT_RETURN_TYPE = YES_ERROR;
				GCC_WARN_UNDECLARED_SELECTOR = YES;
				GCC_WARN_UNINITIALIZED_AUTOS = YES_AGGRESSIVE;
				GCC_WARN_UNUSED_FUNCTION = YES;
				GCC_WARN_UNUSED_VARIABLE = YES;
				IPHONEOS_DEPLOYMENT_TARGET = 9.0;
				MTL_ENABLE_DEBUG_INFO = YES;
				ONLY_ACTIVE_ARCH = YES;
				SDKROOT = iphoneos;
				SWIFT_OPTIMIZATION_LEVEL = "-Onone";
			};
			name = Debug;
		};
		EFAFCEE81BB6EE3900E91371 /* Release */ = {
			isa = XCBuildConfiguration;
			buildSettings = {
				ALWAYS_SEARCH_USER_PATHS = NO;
				CLANG_CXX_LANGUAGE_STANDARD = "gnu++0x";
				CLANG_CXX_LIBRARY = "libc++";
				CLANG_ENABLE_MODULES = YES;
				CLANG_ENABLE_OBJC_ARC = YES;
				CLANG_WARN_BOOL_CONVERSION = YES;
				CLANG_WARN_CONSTANT_CONVERSION = YES;
				CLANG_WARN_DIRECT_OBJC_ISA_USAGE = YES_ERROR;
				CLANG_WARN_EMPTY_BODY = YES;
				CLANG_WARN_ENUM_CONVERSION = YES;
				CLANG_WARN_INT_CONVERSION = YES;
				CLANG_WARN_OBJC_ROOT_CLASS = YES_ERROR;
				CLANG_WARN_UNREACHABLE_CODE = YES;
				CLANG_WARN__DUPLICATE_METHOD_MATCH = YES;
				"CODE_SIGN_IDENTITY[sdk=iphoneos*]" = "iPhone Developer";
				COPY_PHASE_STRIP = NO;
				DEBUG_INFORMATION_FORMAT = "dwarf-with-dsym";
				ENABLE_NS_ASSERTIONS = NO;
				ENABLE_STRICT_OBJC_MSGSEND = YES;
				GCC_C_LANGUAGE_STANDARD = gnu99;
				GCC_NO_COMMON_BLOCKS = YES;
				GCC_WARN_64_TO_32_BIT_CONVERSION = YES;
				GCC_WARN_ABOUT_RETURN_TYPE = YES_ERROR;
				GCC_WARN_UNDECLARED_SELECTOR = YES;
				GCC_WARN_UNINITIALIZED_AUTOS = YES_AGGRESSIVE;
				GCC_WARN_UNUSED_FUNCTION = YES;
				GCC_WARN_UNUSED_VARIABLE = YES;
				IPHONEOS_DEPLOYMENT_TARGET = 9.0;
				MTL_ENABLE_DEBUG_INFO = NO;
				SDKROOT = iphoneos;
				VALIDATE_PRODUCT = YES;
			};
			name = Release;
		};
		EFAFCEEA1BB6EE3900E91371 /* Debug */ = {
			isa = XCBuildConfiguration;
			baseConfigurationReference = 13C50703FEB1BA928DD72114 /* Pods.debug.xcconfig */;
			buildSettings = {
				ASSETCATALOG_COMPILER_APPICON_NAME = AppIcon;
				CLANG_ENABLE_MODULES = YES;
				INFOPLIST_FILE = Chat/Info.plist;
				LD_RUNPATH_SEARCH_PATHS = "$(inherited) @executable_path/Frameworks";
				PRODUCT_BUNDLE_IDENTIFIER = me.petrpavlik.Chat;
				PRODUCT_NAME = "$(TARGET_NAME)";
				SWIFT_OBJC_BRIDGING_HEADER = "Chat/Chat-Bridging-Header.h";
				SWIFT_OPTIMIZATION_LEVEL = "-Onone";
			};
			name = Debug;
		};
		EFAFCEEB1BB6EE3900E91371 /* Release */ = {
			isa = XCBuildConfiguration;
			baseConfigurationReference = CF78232C614F8989CE0751E9 /* Pods.release.xcconfig */;
			buildSettings = {
				ASSETCATALOG_COMPILER_APPICON_NAME = AppIcon;
				CLANG_ENABLE_MODULES = YES;
				INFOPLIST_FILE = Chat/Info.plist;
				LD_RUNPATH_SEARCH_PATHS = "$(inherited) @executable_path/Frameworks";
				PRODUCT_BUNDLE_IDENTIFIER = me.petrpavlik.Chat;
				PRODUCT_NAME = "$(TARGET_NAME)";
				SWIFT_OBJC_BRIDGING_HEADER = "Chat/Chat-Bridging-Header.h";
			};
			name = Release;
		};
		EFAFCEED1BB6EE3900E91371 /* Debug */ = {
			isa = XCBuildConfiguration;
			buildSettings = {
				BUNDLE_LOADER = "$(TEST_HOST)";
				INFOPLIST_FILE = ChatTests/Info.plist;
				LD_RUNPATH_SEARCH_PATHS = "$(inherited) @executable_path/Frameworks @loader_path/Frameworks";
				PRODUCT_BUNDLE_IDENTIFIER = me.petrpavlik.ChatTests;
				PRODUCT_NAME = "$(TARGET_NAME)";
				TEST_HOST = "$(BUILT_PRODUCTS_DIR)/Chat.app/Chat";
			};
			name = Debug;
		};
		EFAFCEEE1BB6EE3900E91371 /* Release */ = {
			isa = XCBuildConfiguration;
			buildSettings = {
				BUNDLE_LOADER = "$(TEST_HOST)";
				INFOPLIST_FILE = ChatTests/Info.plist;
				LD_RUNPATH_SEARCH_PATHS = "$(inherited) @executable_path/Frameworks @loader_path/Frameworks";
				PRODUCT_BUNDLE_IDENTIFIER = me.petrpavlik.ChatTests;
				PRODUCT_NAME = "$(TARGET_NAME)";
				TEST_HOST = "$(BUILT_PRODUCTS_DIR)/Chat.app/Chat";
			};
			name = Release;
		};
		EFAFCEF01BB6EE3900E91371 /* Debug */ = {
			isa = XCBuildConfiguration;
			buildSettings = {
				INFOPLIST_FILE = ChatUITests/Info.plist;
				LD_RUNPATH_SEARCH_PATHS = "$(inherited) @executable_path/Frameworks @loader_path/Frameworks";
				PRODUCT_BUNDLE_IDENTIFIER = me.petrpavlik.ChatUITests;
				PRODUCT_NAME = "$(TARGET_NAME)";
				TEST_TARGET_NAME = Chat;
				USES_XCTRUNNER = YES;
			};
			name = Debug;
		};
		EFAFCEF11BB6EE3900E91371 /* Release */ = {
			isa = XCBuildConfiguration;
			buildSettings = {
				INFOPLIST_FILE = ChatUITests/Info.plist;
				LD_RUNPATH_SEARCH_PATHS = "$(inherited) @executable_path/Frameworks @loader_path/Frameworks";
				PRODUCT_BUNDLE_IDENTIFIER = me.petrpavlik.ChatUITests;
				PRODUCT_NAME = "$(TARGET_NAME)";
				TEST_TARGET_NAME = Chat;
				USES_XCTRUNNER = YES;
			};
			name = Release;
		};
/* End XCBuildConfiguration section */

/* Begin XCConfigurationList section */
		EFAFCEBC1BB6EE3900E91371 /* Build configuration list for PBXProject "Chat" */ = {
			isa = XCConfigurationList;
			buildConfigurations = (
				EFAFCEE71BB6EE3900E91371 /* Debug */,
				EFAFCEE81BB6EE3900E91371 /* Release */,
			);
			defaultConfigurationIsVisible = 0;
			defaultConfigurationName = Release;
		};
		EFAFCEE91BB6EE3900E91371 /* Build configuration list for PBXNativeTarget "Chat" */ = {
			isa = XCConfigurationList;
			buildConfigurations = (
				EFAFCEEA1BB6EE3900E91371 /* Debug */,
				EFAFCEEB1BB6EE3900E91371 /* Release */,
			);
			defaultConfigurationIsVisible = 0;
			defaultConfigurationName = Release;
		};
		EFAFCEEC1BB6EE3900E91371 /* Build configuration list for PBXNativeTarget "ChatTests" */ = {
			isa = XCConfigurationList;
			buildConfigurations = (
				EFAFCEED1BB6EE3900E91371 /* Debug */,
				EFAFCEEE1BB6EE3900E91371 /* Release */,
			);
			defaultConfigurationIsVisible = 0;
			defaultConfigurationName = Release;
		};
		EFAFCEEF1BB6EE3900E91371 /* Build configuration list for PBXNativeTarget "ChatUITests" */ = {
			isa = XCConfigurationList;
			buildConfigurations = (
				EFAFCEF01BB6EE3900E91371 /* Debug */,
				EFAFCEF11BB6EE3900E91371 /* Release */,
			);
			defaultConfigurationIsVisible = 0;
			defaultConfigurationName = Release;
		};
/* End XCConfigurationList section */
	};
	rootObject = EFAFCEB91BB6EE3900E91371 /* Project object */;
}
