// !$*UTF8*$!
{
	archiveVersion = 1;
	classes = {
	};
	objectVersion = 46;
	objects = {

/* Begin PBXBuildFile section */
		EFAFCEC51BB6EE3900E91371 /* AppDelegate.swift in Sources */ = {isa = PBXBuildFile; fileRef = EFAFCEC41BB6EE3900E91371 /* AppDelegate.swift */; };
		EFAFCEC71BB6EE3900E91371 /* ViewController.swift in Sources */ = {isa = PBXBuildFile; fileRef = EFAFCEC61BB6EE3900E91371 /* ViewController.swift */; };
		EFAFCECA1BB6EE3900E91371 /* Main.storyboard in Resources */ = {isa = PBXBuildFile; fileRef = EFAFCEC81BB6EE3900E91371 /* Main.storyboard */; };
		EFAFCECC1BB6EE3900E91371 /* Assets.xcassets in Resources */ = {isa = PBXBuildFile; fileRef = EFAFCECB1BB6EE3900E91371 /* Assets.xcassets */; };
		EFAFCECF1BB6EE3900E91371 /* LaunchScreen.storyboard in Resources */ = {isa = PBXBuildFile; fileRef = EFAFCECD1BB6EE3900E91371 /* LaunchScreen.storyboard */; };
		EFAFCEDA1BB6EE3900E91371 /* ChatTests.swift in Sources */ = {isa = PBXBuildFile; fileRef = EFAFCED91BB6EE3900E91371 /* ChatTests.swift */; };
		EFAFCEE51BB6EE3900E91371 /* ChatUITests.swift in Sources */ = {isa = PBXBuildFile; fileRef = EFAFCEE41BB6EE3900E91371 /* ChatUITests.swift */; };
/* End PBXBuildFile section */

/* Begin PBXContainerItemProxy section */
		EFAFCED61BB6EE3900E91371 /* PBXContainerItemProxy */ = {
			isa = PBXContainerItemProxy;
			containerPortal = EFAFCEB91BB6EE3900E91371 /* Project object */;
			proxyType = 1;
			remoteGlobalIDString = EFAFCEC01BB6EE3900E91371;
			remoteInfo = Chat;
		};
		EFAFCEE11BB6EE3900E91371 /* PBXContainerItemProxy */ = {
			isa = PBXContainerItemProxy;
			containerPortal = EFAFCEB91BB6EE3900E91371 /* Project object */;
			proxyType = 1;
			remoteGlobalIDString = EFAFCEC01BB6EE3900E91371;
			remoteInfo = Chat;
		};
/* End PBXContainerItemProxy section */

/* Begin PBXFileReference section */
		EFAFCEC11BB6EE3900E91371 /* Chat.app */ = {isa = PBXFileReference; explicitFileType = wrapper.application; includeInIndex = 0; path = Chat.app; sourceTree = BUILT_PRODUCTS_DIR; };
		EFAFCEC41BB6EE3900E91371 /* AppDelegate.swift */ = {isa = PBXFileReference; lastKnownFileType = sourcecode.swift; path = AppDelegate.swift; sourceTree = "<group>"; };
		EFAFCEC61BB6EE3900E91371 /* ViewController.swift */ = {isa = PBXFileReference; lastKnownFileType = sourcecode.swift; path = ViewController.swift; sourceTree = "<group>"; };
		EFAFCEC91BB6EE3900E91371 /* Base */ = {isa = PBXFileReference; lastKnownFileType = file.storyboard; name = Base; path = Base.lproj/Main.storyboard; sourceTree = "<group>"; };
		EFAFCECB1BB6EE3900E91371 /* Assets.xcassets */ = {isa = PBXFileReference; lastKnownFileType = folder.assetcatalog; path = Assets.xcassets; sourceTree = "<group>"; };
		EFAFCECE1BB6EE3900E91371 /* Base */ = {isa = PBXFileReference; lastKnownFileType = file.storyboard; name = Base; path = Base.lproj/LaunchScreen.storyboard; sourceTree = "<group>"; };
		EFAFCED01BB6EE3900E91371 /* Info.plist */ = {isa = PBXFileReference; lastKnownFileType = text.plist.xml; path = Info.plist; sourceTree = "<group>"; };
		EFAFCED51BB6EE3900E91371 /* ChatTests.xctest */ = {isa = PBXFileReference; explicitFileType = wrapper.cfbundle; includeInIndex = 0; path = ChatTests.xctest; sourceTree = BUILT_PRODUCTS_DIR; };
		EFAFCED91BB6EE3900E91371 /* ChatTests.swift */ = {isa = PBXFileReference; lastKnownFileType = sourcecode.swift; path = ChatTests.swift; sourceTree = "<group>"; };
		EFAFCEDB1BB6EE3900E91371 /* Info.plist */ = {isa = PBXFileReference; lastKnownFileType = text.plist.xml; path = Info.plist; sourceTree = "<group>"; };
		EFAFCEE01BB6EE3900E91371 /* ChatUITests.xctest */ = {isa = PBXFileReference; explicitFileType = wrapper.cfbundle; includeInIndex = 0; path = ChatUITests.xctest; sourceTree = BUILT_PRODUCTS_DIR; };
		EFAFCEE41BB6EE3900E91371 /* ChatUITests.swift */ = {isa = PBXFileReference; lastKnownFileType = sourcecode.swift; path = ChatUITests.swift; sourceTree = "<group>"; };
		EFAFCEE61BB6EE3900E91371 /* Info.plist */ = {isa = PBXFileReference; lastKnownFileType = text.plist.xml; path = Info.plist; sourceTree = "<group>"; };
/* End PBXFileReference section */

/* Begin PBXFrameworksBuildPhase section */
		EFAFCEBE1BB6EE3900E91371 /* Frameworks */ = {
			isa = PBXFrameworksBuildPhase;
			buildActionMask = 2147483647;
			files = (
			);
			runOnlyForDeploymentPostprocessing = 0;
		};
		EFAFCED21BB6EE3900E91371 /* Frameworks */ = {
			isa = PBXFrameworksBuildPhase;
			buildActionMask = 2147483647;
			files = (
			);
			runOnlyForDeploymentPostprocessing = 0;
		};
		EFAFCEDD1BB6EE3900E91371 /* Frameworks */ = {
			isa = PBXFrameworksBuildPhase;
			buildActionMask = 2147483647;
			files = (
			);
			runOnlyForDeploymentPostprocessing = 0;
		};
/* End PBXFrameworksBuildPhase section */

/* Begin PBXGroup section */
		EFAFCEB81BB6EE3900E91371 = {
			isa = PBXGroup;
			children = (
				EFAFCEC31BB6EE3900E91371 /* Chat */,
				EFAFCED81BB6EE3900E91371 /* ChatTests */,
				EFAFCEE31BB6EE3900E91371 /* ChatUITests */,
				EFAFCEC21BB6EE3900E91371 /* Products */,
			);
			sourceTree = "<group>";
		};
		EFAFCEC21BB6EE3900E91371 /* Products */ = {
			isa = PBXGroup;
			children = (
				EFAFCEC11BB6EE3900E91371 /* Chat.app */,
				EFAFCED51BB6EE3900E91371 /* ChatTests.xctest */,
				EFAFCEE01BB6EE3900E91371 /* ChatUITests.xctest */,
			);
			name = Products;
			sourceTree = "<group>";
		};
		EFAFCEC31BB6EE3900E91371 /* Chat */ = {
			isa = PBXGroup;
			children = (
				EFAFCEC41BB6EE3900E91371 /* AppDelegate.swift */,
				EFAFCEC61BB6EE3900E91371 /* ViewController.swift */,
				EFAFCEC81BB6EE3900E91371 /* Main.storyboard */,
				EFAFCECB1BB6EE3900E91371 /* Assets.xcassets */,
				EFAFCECD1BB6EE3900E91371 /* LaunchScreen.storyboard */,
				EFAFCED01BB6EE3900E91371 /* Info.plist */,
			);
			path = Chat;
			sourceTree = "<group>";
		};
		EFAFCED81BB6EE3900E91371 /* ChatTests */ = {
			isa = PBXGroup;
			children = (
				EFAFCED91BB6EE3900E91371 /* ChatTests.swift */,
				EFAFCEDB1BB6EE3900E91371 /* Info.plist */,
			);
			path = ChatTests;
			sourceTree = "<group>";
		};
		EFAFCEE31BB6EE3900E91371 /* ChatUITests */ = {
			isa = PBXGroup;
			children = (
				EFAFCEE41BB6EE3900E91371 /* ChatUITests.swift */,
				EFAFCEE61BB6EE3900E91371 /* Info.plist */,
			);
			path = ChatUITests;
			sourceTree = "<group>";
		};
/* End PBXGroup section */

/* Begin PBXNativeTarget section */
		EFAFCEC01BB6EE3900E91371 /* Chat */ = {
			isa = PBXNativeTarget;
			buildConfigurationList = EFAFCEE91BB6EE3900E91371 /* Build configuration list for PBXNativeTarget "Chat" */;
			buildPhases = (
				EFAFCEBD1BB6EE3900E91371 /* Sources */,
				EFAFCEBE1BB6EE3900E91371 /* Frameworks */,
				EFAFCEBF1BB6EE3900E91371 /* Resources */,
			);
			buildRules = (
			);
			dependencies = (
			);
			name = Chat;
			productName = Chat;
			productReference = EFAFCEC11BB6EE3900E91371 /* Chat.app */;
			productType = "com.apple.product-type.application";
		};
		EFAFCED41BB6EE3900E91371 /* ChatTests */ = {
			isa = PBXNativeTarget;
			buildConfigurationList = EFAFCEEC1BB6EE3900E91371 /* Build configuration list for PBXNativeTarget "ChatTests" */;
			buildPhases = (
				EFAFCED11BB6EE3900E91371 /* Sources */,
				EFAFCED21BB6EE3900E91371 /* Frameworks */,
				EFAFCED31BB6EE3900E91371 /* Resources */,
			);
			buildRules = (
			);
			dependencies = (
				EFAFCED71BB6EE3900E91371 /* PBXTargetDependency */,
			);
			name = ChatTests;
			productName = ChatTests;
			productReference = EFAFCED51BB6EE3900E91371 /* ChatTests.xctest */;
			productType = "com.apple.product-type.bundle.unit-test";
		};
		EFAFCEDF1BB6EE3900E91371 /* ChatUITests */ = {
			isa = PBXNativeTarget;
			buildConfigurationList = EFAFCEEF1BB6EE3900E91371 /* Build configuration list for PBXNativeTarget "ChatUITests" */;
			buildPhases = (
				EFAFCEDC1BB6EE3900E91371 /* Sources */,
				EFAFCEDD1BB6EE3900E91371 /* Frameworks */,
				EFAFCEDE1BB6EE3900E91371 /* Resources */,
			);
			buildRules = (
			);
			dependencies = (
				EFAFCEE21BB6EE3900E91371 /* PBXTargetDependency */,
			);
			name = ChatUITests;
			productName = ChatUITests;
			productReference = EFAFCEE01BB6EE3900E91371 /* ChatUITests.xctest */;
			productType = "com.apple.product-type.bundle.ui-testing";
		};
/* End PBXNativeTarget section */

/* Begin PBXProject section */
		EFAFCEB91BB6EE3900E91371 /* Project object */ = {
			isa = PBXProject;
			attributes = {
				LastUpgradeCheck = 0700;
				ORGANIZATIONNAME = "Petr Pavlik";
				TargetAttributes = {
					EFAFCEC01BB6EE3900E91371 = {
						CreatedOnToolsVersion = 7.0;
					};
					EFAFCED41BB6EE3900E91371 = {
						CreatedOnToolsVersion = 7.0;
						TestTargetID = EFAFCEC01BB6EE3900E91371;
					};
					EFAFCEDF1BB6EE3900E91371 = {
						CreatedOnToolsVersion = 7.0;
						TestTargetID = EFAFCEC01BB6EE3900E91371;
					};
				};
			};
			buildConfigurationList = EFAFCEBC1BB6EE3900E91371 /* Build configuration list for PBXProject "Chat" */;
			compatibilityVersion = "Xcode 3.2";
			developmentRegion = English;
			hasScannedForEncodings = 0;
			knownRegions = (
				en,
				Base,
			);
			mainGroup = EFAFCEB81BB6EE3900E91371;
			productRefGroup = EFAFCEC21BB6EE3900E91371 /* Products */;
			projectDirPath = "";
			projectRoot = "";
			targets = (
				EFAFCEC01BB6EE3900E91371 /* Chat */,
				EFAFCED41BB6EE3900E91371 /* ChatTests */,
				EFAFCEDF1BB6EE3900E91371 /* ChatUITests */,
			);
		};
/* End PBXProject section */

/* Begin PBXResourcesBuildPhase section */
		EFAFCEBF1BB6EE3900E91371 /* Resources */ = {
			isa = PBXResourcesBuildPhase;
			buildActionMask = 2147483647;
			files = (
				EFAFCECF1BB6EE3900E91371 /* LaunchScreen.storyboard in Resources */,
				EFAFCECC1BB6EE3900E91371 /* Assets.xcassets in Resources */,
				EFAFCECA1BB6EE3900E91371 /* Main.storyboard in Resources */,
			);
			runOnlyForDeploymentPostprocessing = 0;
		};
		EFAFCED31BB6EE3900E91371 /* Resources */ = {
			isa = PBXResourcesBuildPhase;
			buildActionMask = 2147483647;
			files = (
			);
			runOnlyForDeploymentPostprocessing = 0;
		};
		EFAFCEDE1BB6EE3900E91371 /* Resources */ = {
			isa = PBXResourcesBuildPhase;
			buildActionMask = 2147483647;
			files = (
			);
			runOnlyForDeploymentPostprocessing = 0;
		};
/* End PBXResourcesBuildPhase section */

/* Begin PBXSourcesBuildPhase section */
		EFAFCEBD1BB6EE3900E91371 /* Sources */ = {
			isa = PBXSourcesBuildPhase;
			buildActionMask = 2147483647;
			files = (
				EFAFCEC71BB6EE3900E91371 /* ViewController.swift in Sources */,
				EFAFCEC51BB6EE3900E91371 /* AppDelegate.swift in Sources */,
			);
			runOnlyForDeploymentPostprocessing = 0;
		};
		EFAFCED11BB6EE3900E91371 /* Sources */ = {
			isa = PBXSourcesBuildPhase;
			buildActionMask = 2147483647;
			files = (
				EFAFCEDA1BB6EE3900E91371 /* ChatTests.swift in Sources */,
			);
			runOnlyForDeploymentPostprocessing = 0;
		};
		EFAFCEDC1BB6EE3900E91371 /* Sources */ = {
			isa = PBXSourcesBuildPhase;
			buildActionMask = 2147483647;
			files = (
				EFAFCEE51BB6EE3900E91371 /* ChatUITests.swift in Sources */,
			);
			runOnlyForDeploymentPostprocessing = 0;
		};
/* End PBXSourcesBuildPhase section */

/* Begin PBXTargetDependency section */
		EFAFCED71BB6EE3900E91371 /* PBXTargetDependency */ = {
			isa = PBXTargetDependency;
			target = EFAFCEC01BB6EE3900E91371 /* Chat */;
			targetProxy = EFAFCED61BB6EE3900E91371 /* PBXContainerItemProxy */;
		};
		EFAFCEE21BB6EE3900E91371 /* PBXTargetDependency */ = {
			isa = PBXTargetDependency;
			target = EFAFCEC01BB6EE3900E91371 /* Chat */;
			targetProxy = EFAFCEE11BB6EE3900E91371 /* PBXContainerItemProxy */;
		};
/* End PBXTargetDependency section */

/* Begin PBXVariantGroup section */
		EFAFCEC81BB6EE3900E91371 /* Main.storyboard */ = {
			isa = PBXVariantGroup;
			children = (
				EFAFCEC91BB6EE3900E91371 /* Base */,
			);
			name = Main.storyboard;
			sourceTree = "<group>";
		};
		EFAFCECD1BB6EE3900E91371 /* LaunchScreen.storyboard */ = {
			isa = PBXVariantGroup;
			children = (
				EFAFCECE1BB6EE3900E91371 /* Base */,
			);
			name = LaunchScreen.storyboard;
			sourceTree = "<group>";
		};
/* End PBXVariantGroup section */

/* Begin XCBuildConfiguration section */
		EFAFCEE71BB6EE3900E91371 /* Debug */ = {
			isa = XCBuildConfiguration;
			buildSettings = {
				ALWAYS_SEARCH_USER_PATHS = NO;
				CLANG_CXX_LANGUAGE_STANDARD = "gnu++0x";
				CLANG_CXX_LIBRARY = "libc++";
				CLANG_ENABLE_MODULES = YES;
				CLANG_ENABLE_OBJC_ARC = YES;
				CLANG_WARN_BOOL_CONVERSION = YES;
				CLANG_WARN_CONSTANT_CONVERSION = YES;
				CLANG_WARN_DIRECT_OBJC_ISA_USAGE = YES_ERROR;
				CLANG_WARN_EMPTY_BODY = YES;
				CLANG_WARN_ENUM_CONVERSION = YES;
				CLANG_WARN_INT_CONVERSION = YES;
				CLANG_WARN_OBJC_ROOT_CLASS = YES_ERROR;
				CLANG_WARN_UNREACHABLE_CODE = YES;
				CLANG_WARN__DUPLICATE_METHOD_MATCH = YES;
				"CODE_SIGN_IDENTITY[sdk=iphoneos*]" = "iPhone Developer";
				COPY_PHASE_STRIP = NO;
				DEBUG_INFORMATION_FORMAT = dwarf;
				ENABLE_STRICT_OBJC_MSGSEND = YES;
				ENABLE_TESTABILITY = YES;
				GCC_C_LANGUAGE_STANDARD = gnu99;
				GCC_DYNAMIC_NO_PIC = NO;
				GCC_NO_COMMON_BLOCKS = YES;
				GCC_OPTIMIZATION_LEVEL = 0;
				GCC_PREPROCESSOR_DEFINITIONS = (
					"DEBUG=1",
					"$(inherited)",
				);
				GCC_WARN_64_TO_32_BIT_CONVERSION = YES;
				GCC_WARN_ABOUT_RETURN_TYPE = YES_ERROR;
				GCC_WARN_UNDECLARED_SELECTOR = YES;
				GCC_WARN_UNINITIALIZED_AUTOS = YES_AGGRESSIVE;
				GCC_WARN_UNUSED_FUNCTION = YES;
				GCC_WARN_UNUSED_VARIABLE = YES;
				IPHONEOS_DEPLOYMENT_TARGET = 9.0;
				MTL_ENABLE_DEBUG_INFO = YES;
				ONLY_ACTIVE_ARCH = YES;
				SDKROOT = iphoneos;
				SWIFT_OPTIMIZATION_LEVEL = "-Onone";
			};
			name = Debug;
		};
		EFAFCEE81BB6EE3900E91371 /* Release */ = {
			isa = XCBuildConfiguration;
			buildSettings = {
				ALWAYS_SEARCH_USER_PATHS = NO;
				CLANG_CXX_LANGUAGE_STANDARD = "gnu++0x";
				CLANG_CXX_LIBRARY = "libc++";
				CLANG_ENABLE_MODULES = YES;
				CLANG_ENABLE_OBJC_ARC = YES;
				CLANG_WARN_BOOL_CONVERSION = YES;
				CLANG_WARN_CONSTANT_CONVERSION = YES;
				CLANG_WARN_DIRECT_OBJC_ISA_USAGE = YES_ERROR;
				CLANG_WARN_EMPTY_BODY = YES;
				CLANG_WARN_ENUM_CONVERSION = YES;
				CLANG_WARN_INT_CONVERSION = YES;
				CLANG_WARN_OBJC_ROOT_CLASS = YES_ERROR;
				CLANG_WARN_UNREACHABLE_CODE = YES;
				CLANG_WARN__DUPLICATE_METHOD_MATCH = YES;
				"CODE_SIGN_IDENTITY[sdk=iphoneos*]" = "iPhone Developer";
				COPY_PHASE_STRIP = NO;
				DEBUG_INFORMATION_FORMAT = "dwarf-with-dsym";
				ENABLE_NS_ASSERTIONS = NO;
				ENABLE_STRICT_OBJC_MSGSEND = YES;
				GCC_C_LANGUAGE_STANDARD = gnu99;
				GCC_NO_COMMON_BLOCKS = YES;
				GCC_WARN_64_TO_32_BIT_CONVERSION = YES;
				GCC_WARN_ABOUT_RETURN_TYPE = YES_ERROR;
				GCC_WARN_UNDECLARED_SELECTOR = YES;
				GCC_WARN_UNINITIALIZED_AUTOS = YES_AGGRESSIVE;
				GCC_WARN_UNUSED_FUNCTION = YES;
				GCC_WARN_UNUSED_VARIABLE = YES;
				IPHONEOS_DEPLOYMENT_TARGET = 9.0;
				MTL_ENABLE_DEBUG_INFO = NO;
				SDKROOT = iphoneos;
				VALIDATE_PRODUCT = YES;
			};
			name = Release;
		};
		EFAFCEEA1BB6EE3900E91371 /* Debug */ = {
			isa = XCBuildConfiguration;
			buildSettings = {
				ASSETCATALOG_COMPILER_APPICON_NAME = AppIcon;
				INFOPLIST_FILE = Chat/Info.plist;
				LD_RUNPATH_SEARCH_PATHS = "$(inherited) @executable_path/Frameworks";
				PRODUCT_BUNDLE_IDENTIFIER = me.petrpavlik.Chat;
				PRODUCT_NAME = "$(TARGET_NAME)";
			};
			name = Debug;
		};
		EFAFCEEB1BB6EE3900E91371 /* Release */ = {
			isa = XCBuildConfiguration;
			buildSettings = {
				ASSETCATALOG_COMPILER_APPICON_NAME = AppIcon;
				INFOPLIST_FILE = Chat/Info.plist;
				LD_RUNPATH_SEARCH_PATHS = "$(inherited) @executable_path/Frameworks";
				PRODUCT_BUNDLE_IDENTIFIER = me.petrpavlik.Chat;
				PRODUCT_NAME = "$(TARGET_NAME)";
			};
			name = Release;
		};
		EFAFCEED1BB6EE3900E91371 /* Debug */ = {
			isa = XCBuildConfiguration;
			buildSettings = {
				BUNDLE_LOADER = "$(TEST_HOST)";
				INFOPLIST_FILE = ChatTests/Info.plist;
				LD_RUNPATH_SEARCH_PATHS = "$(inherited) @executable_path/Frameworks @loader_path/Frameworks";
				PRODUCT_BUNDLE_IDENTIFIER = me.petrpavlik.ChatTests;
				PRODUCT_NAME = "$(TARGET_NAME)";
				TEST_HOST = "$(BUILT_PRODUCTS_DIR)/Chat.app/Chat";
			};
			name = Debug;
		};
		EFAFCEEE1BB6EE3900E91371 /* Release */ = {
			isa = XCBuildConfiguration;
			buildSettings = {
				BUNDLE_LOADER = "$(TEST_HOST)";
				INFOPLIST_FILE = ChatTests/Info.plist;
				LD_RUNPATH_SEARCH_PATHS = "$(inherited) @executable_path/Frameworks @loader_path/Frameworks";
				PRODUCT_BUNDLE_IDENTIFIER = me.petrpavlik.ChatTests;
				PRODUCT_NAME = "$(TARGET_NAME)";
				TEST_HOST = "$(BUILT_PRODUCTS_DIR)/Chat.app/Chat";
			};
			name = Release;
		};
		EFAFCEF01BB6EE3900E91371 /* Debug */ = {
			isa = XCBuildConfiguration;
			buildSettings = {
				INFOPLIST_FILE = ChatUITests/Info.plist;
				LD_RUNPATH_SEARCH_PATHS = "$(inherited) @executable_path/Frameworks @loader_path/Frameworks";
				PRODUCT_BUNDLE_IDENTIFIER = me.petrpavlik.ChatUITests;
				PRODUCT_NAME = "$(TARGET_NAME)";
				TEST_TARGET_NAME = Chat;
				USES_XCTRUNNER = YES;
			};
			name = Debug;
		};
		EFAFCEF11BB6EE3900E91371 /* Release */ = {
			isa = XCBuildConfiguration;
			buildSettings = {
				INFOPLIST_FILE = ChatUITests/Info.plist;
				LD_RUNPATH_SEARCH_PATHS = "$(inherited) @executable_path/Frameworks @loader_path/Frameworks";
				PRODUCT_BUNDLE_IDENTIFIER = me.petrpavlik.ChatUITests;
				PRODUCT_NAME = "$(TARGET_NAME)";
				TEST_TARGET_NAME = Chat;
				USES_XCTRUNNER = YES;
			};
			name = Release;
		};
/* End XCBuildConfiguration section */

/* Begin XCConfigurationList section */
		EFAFCEBC1BB6EE3900E91371 /* Build configuration list for PBXProject "Chat" */ = {
			isa = XCConfigurationList;
			buildConfigurations = (
				EFAFCEE71BB6EE3900E91371 /* Debug */,
				EFAFCEE81BB6EE3900E91371 /* Release */,
			);
			defaultConfigurationIsVisible = 0;
			defaultConfigurationName = Release;
		};
		EFAFCEE91BB6EE3900E91371 /* Build configuration list for PBXNativeTarget "Chat" */ = {
			isa = XCConfigurationList;
			buildConfigurations = (
				EFAFCEEA1BB6EE3900E91371 /* Debug */,
				EFAFCEEB1BB6EE3900E91371 /* Release */,
			);
			defaultConfigurationIsVisible = 0;
		};
		EFAFCEEC1BB6EE3900E91371 /* Build configuration list for PBXNativeTarget "ChatTests" */ = {
			isa = XCConfigurationList;
			buildConfigurations = (
				EFAFCEED1BB6EE3900E91371 /* Debug */,
				EFAFCEEE1BB6EE3900E91371 /* Release */,
			);
			defaultConfigurationIsVisible = 0;
		};
		EFAFCEEF1BB6EE3900E91371 /* Build configuration list for PBXNativeTarget "ChatUITests" */ = {
			isa = XCConfigurationList;
			buildConfigurations = (
				EFAFCEF01BB6EE3900E91371 /* Debug */,
				EFAFCEF11BB6EE3900E91371 /* Release */,
			);
			defaultConfigurationIsVisible = 0;
		};
/* End XCConfigurationList section */
	};
	rootObject = EFAFCEB91BB6EE3900E91371 /* Project object */;
}
